// !$*UTF8*$!
{
	archiveVersion = 1;
	classes = {
	};
	objectVersion = 50;
	objects = {

/* Begin PBXBuildFile section */
		A5F248A223EF275100508562 /* AppDelegate.swift in Sources */ = {isa = PBXBuildFile; fileRef = A5F248A123EF275100508562 /* AppDelegate.swift */; };
		A5F248A423EF275100508562 /* ViewController.swift in Sources */ = {isa = PBXBuildFile; fileRef = A5F248A323EF275100508562 /* ViewController.swift */; };
		A5F248A723EF275100508562 /* Main.storyboard in Resources */ = {isa = PBXBuildFile; fileRef = A5F248A523EF275100508562 /* Main.storyboard */; };
		A5F248A923EF275200508562 /* Assets.xcassets in Resources */ = {isa = PBXBuildFile; fileRef = A5F248A823EF275200508562 /* Assets.xcassets */; };
		A5F248AC23EF275200508562 /* LaunchScreen.storyboard in Resources */ = {isa = PBXBuildFile; fileRef = A5F248AA23EF275200508562 /* LaunchScreen.storyboard */; };
		A5F248B723EF275200508562 /* BrainStackTests.swift in Sources */ = {isa = PBXBuildFile; fileRef = A5F248B623EF275200508562 /* BrainStackTests.swift */; };
		A5F248C223EF275200508562 /* BrainStackUITests.swift in Sources */ = {isa = PBXBuildFile; fileRef = A5F248C123EF275200508562 /* BrainStackUITests.swift */; };
/* End PBXBuildFile section */

/* Begin PBXContainerItemProxy section */
		A5F248B323EF275200508562 /* PBXContainerItemProxy */ = {
			isa = PBXContainerItemProxy;
			containerPortal = A5F2489623EF275000508562 /* Project object */;
			proxyType = 1;
			remoteGlobalIDString = A5F2489D23EF275000508562;
			remoteInfo = BrainStack;
		};
		A5F248BE23EF275200508562 /* PBXContainerItemProxy */ = {
			isa = PBXContainerItemProxy;
			containerPortal = A5F2489623EF275000508562 /* Project object */;
			proxyType = 1;
			remoteGlobalIDString = A5F2489D23EF275000508562;
			remoteInfo = BrainStack;
		};
/* End PBXContainerItemProxy section */

/* Begin PBXFileReference section */
		A5F2489E23EF275100508562 /* BrainStack.app */ = {isa = PBXFileReference; explicitFileType = wrapper.application; includeInIndex = 0; path = BrainStack.app; sourceTree = BUILT_PRODUCTS_DIR; };
		A5F248A123EF275100508562 /* AppDelegate.swift */ = {isa = PBXFileReference; lastKnownFileType = sourcecode.swift; path = AppDelegate.swift; sourceTree = "<group>"; };
		A5F248A323EF275100508562 /* ViewController.swift */ = {isa = PBXFileReference; lastKnownFileType = sourcecode.swift; path = ViewController.swift; sourceTree = "<group>"; };
		A5F248A623EF275100508562 /* Base */ = {isa = PBXFileReference; lastKnownFileType = file.storyboard; name = Base; path = Base.lproj/Main.storyboard; sourceTree = "<group>"; };
		A5F248A823EF275200508562 /* Assets.xcassets */ = {isa = PBXFileReference; lastKnownFileType = folder.assetcatalog; path = Assets.xcassets; sourceTree = "<group>"; };
		A5F248AB23EF275200508562 /* Base */ = {isa = PBXFileReference; lastKnownFileType = file.storyboard; name = Base; path = Base.lproj/LaunchScreen.storyboard; sourceTree = "<group>"; };
		A5F248AD23EF275200508562 /* Info.plist */ = {isa = PBXFileReference; lastKnownFileType = text.plist.xml; path = Info.plist; sourceTree = "<group>"; };
		A5F248B223EF275200508562 /* BrainStackTests.xctest */ = {isa = PBXFileReference; explicitFileType = wrapper.cfbundle; includeInIndex = 0; path = BrainStackTests.xctest; sourceTree = BUILT_PRODUCTS_DIR; };
		A5F248B623EF275200508562 /* BrainStackTests.swift */ = {isa = PBXFileReference; lastKnownFileType = sourcecode.swift; path = BrainStackTests.swift; sourceTree = "<group>"; };
		A5F248B823EF275200508562 /* Info.plist */ = {isa = PBXFileReference; lastKnownFileType = text.plist.xml; path = Info.plist; sourceTree = "<group>"; };
		A5F248BD23EF275200508562 /* BrainStackUITests.xctest */ = {isa = PBXFileReference; explicitFileType = wrapper.cfbundle; includeInIndex = 0; path = BrainStackUITests.xctest; sourceTree = BUILT_PRODUCTS_DIR; };
		A5F248C123EF275200508562 /* BrainStackUITests.swift */ = {isa = PBXFileReference; lastKnownFileType = sourcecode.swift; path = BrainStackUITests.swift; sourceTree = "<group>"; };
		A5F248C323EF275200508562 /* Info.plist */ = {isa = PBXFileReference; lastKnownFileType = text.plist.xml; path = Info.plist; sourceTree = "<group>"; };
/* End PBXFileReference section */

/* Begin PBXFrameworksBuildPhase section */
		A5F2489B23EF275000508562 /* Frameworks */ = {
			isa = PBXFrameworksBuildPhase;
			buildActionMask = 2147483647;
			files = (
			);
			runOnlyForDeploymentPostprocessing = 0;
		};
		A5F248AF23EF275200508562 /* Frameworks */ = {
			isa = PBXFrameworksBuildPhase;
			buildActionMask = 2147483647;
			files = (
			);
			runOnlyForDeploymentPostprocessing = 0;
		};
		A5F248BA23EF275200508562 /* Frameworks */ = {
			isa = PBXFrameworksBuildPhase;
			buildActionMask = 2147483647;
			files = (
			);
			runOnlyForDeploymentPostprocessing = 0;
		};
/* End PBXFrameworksBuildPhase section */

/* Begin PBXGroup section */
		A5F2489523EF275000508562 = {
			isa = PBXGroup;
			children = (
				A5F248A023EF275100508562 /* BrainStack */,
				A5F248B523EF275200508562 /* BrainStackTests */,
				A5F248C023EF275200508562 /* BrainStackUITests */,
				A5F2489F23EF275100508562 /* Products */,
			);
			sourceTree = "<group>";
		};
		A5F2489F23EF275100508562 /* Products */ = {
			isa = PBXGroup;
			children = (
				A5F2489E23EF275100508562 /* BrainStack.app */,
				A5F248B223EF275200508562 /* BrainStackTests.xctest */,
				A5F248BD23EF275200508562 /* BrainStackUITests.xctest */,
			);
			name = Products;
			sourceTree = "<group>";
		};
		A5F248A023EF275100508562 /* BrainStack */ = {
			isa = PBXGroup;
			children = (
				A5F248A123EF275100508562 /* AppDelegate.swift */,
				A5F248A323EF275100508562 /* ViewController.swift */,
				A5F248A523EF275100508562 /* Main.storyboard */,
				A5F248A823EF275200508562 /* Assets.xcassets */,
				A5F248AA23EF275200508562 /* LaunchScreen.storyboard */,
				A5F248AD23EF275200508562 /* Info.plist */,
			);
			path = BrainStack;
			sourceTree = "<group>";
		};
		A5F248B523EF275200508562 /* BrainStackTests */ = {
			isa = PBXGroup;
			children = (
				A5F248B623EF275200508562 /* BrainStackTests.swift */,
				A5F248B823EF275200508562 /* Info.plist */,
			);
			path = BrainStackTests;
			sourceTree = "<group>";
		};
		A5F248C023EF275200508562 /* BrainStackUITests */ = {
			isa = PBXGroup;
			children = (
				A5F248C123EF275200508562 /* BrainStackUITests.swift */,
				A5F248C323EF275200508562 /* Info.plist */,
			);
			path = BrainStackUITests;
			sourceTree = "<group>";
		};
/* End PBXGroup section */

/* Begin PBXNativeTarget section */
		A5F2489D23EF275000508562 /* BrainStack */ = {
			isa = PBXNativeTarget;
			buildConfigurationList = A5F248C623EF275200508562 /* Build configuration list for PBXNativeTarget "BrainStack" */;
			buildPhases = (
				A5F2489A23EF275000508562 /* Sources */,
				A5F2489B23EF275000508562 /* Frameworks */,
				A5F2489C23EF275000508562 /* Resources */,
			);
			buildRules = (
			);
			dependencies = (
			);
			name = BrainStack;
			productName = BrainStack;
			productReference = A5F2489E23EF275100508562 /* BrainStack.app */;
			productType = "com.apple.product-type.application";
		};
		A5F248B123EF275200508562 /* BrainStackTests */ = {
			isa = PBXNativeTarget;
			buildConfigurationList = A5F248C923EF275200508562 /* Build configuration list for PBXNativeTarget "BrainStackTests" */;
			buildPhases = (
				A5F248AE23EF275200508562 /* Sources */,
				A5F248AF23EF275200508562 /* Frameworks */,
				A5F248B023EF275200508562 /* Resources */,
			);
			buildRules = (
			);
			dependencies = (
				A5F248B423EF275200508562 /* PBXTargetDependency */,
			);
			name = BrainStackTests;
			productName = BrainStackTests;
			productReference = A5F248B223EF275200508562 /* BrainStackTests.xctest */;
			productType = "com.apple.product-type.bundle.unit-test";
		};
		A5F248BC23EF275200508562 /* BrainStackUITests */ = {
			isa = PBXNativeTarget;
			buildConfigurationList = A5F248CC23EF275200508562 /* Build configuration list for PBXNativeTarget "BrainStackUITests" */;
			buildPhases = (
				A5F248B923EF275200508562 /* Sources */,
				A5F248BA23EF275200508562 /* Frameworks */,
				A5F248BB23EF275200508562 /* Resources */,
			);
			buildRules = (
			);
			dependencies = (
				A5F248BF23EF275200508562 /* PBXTargetDependency */,
			);
			name = BrainStackUITests;
			productName = BrainStackUITests;
			productReference = A5F248BD23EF275200508562 /* BrainStackUITests.xctest */;
			productType = "com.apple.product-type.bundle.ui-testing";
		};
/* End PBXNativeTarget section */

/* Begin PBXProject section */
		A5F2489623EF275000508562 /* Project object */ = {
			isa = PBXProject;
			attributes = {
				LastSwiftUpdateCheck = 1020;
				LastUpgradeCheck = 1020;
				TargetAttributes = {
					A5F2489D23EF275000508562 = {
						CreatedOnToolsVersion = 10.2;
					};
					A5F248B123EF275200508562 = {
						CreatedOnToolsVersion = 10.2;
						TestTargetID = A5F2489D23EF275000508562;
					};
					A5F248BC23EF275200508562 = {
						CreatedOnToolsVersion = 10.2;
						TestTargetID = A5F2489D23EF275000508562;
					};
				};
			};
			buildConfigurationList = A5F2489923EF275000508562 /* Build configuration list for PBXProject "BrainStack" */;
			compatibilityVersion = "Xcode 9.3";
			developmentRegion = en;
			hasScannedForEncodings = 0;
			knownRegions = (
				en,
				Base,
			);
			mainGroup = A5F2489523EF275000508562;
			productRefGroup = A5F2489F23EF275100508562 /* Products */;
			projectDirPath = "";
			projectRoot = "";
			targets = (
				A5F2489D23EF275000508562 /* BrainStack */,
				A5F248B123EF275200508562 /* BrainStackTests */,
				A5F248BC23EF275200508562 /* BrainStackUITests */,
			);
		};
/* End PBXProject section */

/* Begin PBXResourcesBuildPhase section */
		A5F2489C23EF275000508562 /* Resources */ = {
			isa = PBXResourcesBuildPhase;
			buildActionMask = 2147483647;
			files = (
				A5F248AC23EF275200508562 /* LaunchScreen.storyboard in Resources */,
				A5F248A923EF275200508562 /* Assets.xcassets in Resources */,
				A5F248A723EF275100508562 /* Main.storyboard in Resources */,
			);
			runOnlyForDeploymentPostprocessing = 0;
		};
		A5F248B023EF275200508562 /* Resources */ = {
			isa = PBXResourcesBuildPhase;
			buildActionMask = 2147483647;
			files = (
			);
			runOnlyForDeploymentPostprocessing = 0;
		};
		A5F248BB23EF275200508562 /* Resources */ = {
			isa = PBXResourcesBuildPhase;
			buildActionMask = 2147483647;
			files = (
			);
			runOnlyForDeploymentPostprocessing = 0;
		};
/* End PBXResourcesBuildPhase section */

/* Begin PBXSourcesBuildPhase section */
		A5F2489A23EF275000508562 /* Sources */ = {
			isa = PBXSourcesBuildPhase;
			buildActionMask = 2147483647;
			files = (
				A5F248A423EF275100508562 /* ViewController.swift in Sources */,
				A5F248A223EF275100508562 /* AppDelegate.swift in Sources */,
			);
			runOnlyForDeploymentPostprocessing = 0;
		};
		A5F248AE23EF275200508562 /* Sources */ = {
			isa = PBXSourcesBuildPhase;
			buildActionMask = 2147483647;
			files = (
				A5F248B723EF275200508562 /* BrainStackTests.swift in Sources */,
			);
			runOnlyForDeploymentPostprocessing = 0;
		};
		A5F248B923EF275200508562 /* Sources */ = {
			isa = PBXSourcesBuildPhase;
			buildActionMask = 2147483647;
			files = (
				A5F248C223EF275200508562 /* BrainStackUITests.swift in Sources */,
			);
			runOnlyForDeploymentPostprocessing = 0;
		};
/* End PBXSourcesBuildPhase section */

/* Begin PBXTargetDependency section */
		A5F248B423EF275200508562 /* PBXTargetDependency */ = {
			isa = PBXTargetDependency;
			target = A5F2489D23EF275000508562 /* BrainStack */;
			targetProxy = A5F248B323EF275200508562 /* PBXContainerItemProxy */;
		};
		A5F248BF23EF275200508562 /* PBXTargetDependency */ = {
			isa = PBXTargetDependency;
			target = A5F2489D23EF275000508562 /* BrainStack */;
			targetProxy = A5F248BE23EF275200508562 /* PBXContainerItemProxy */;
		};
/* End PBXTargetDependency section */

/* Begin PBXVariantGroup section */
		A5F248A523EF275100508562 /* Main.storyboard */ = {
			isa = PBXVariantGroup;
			children = (
				A5F248A623EF275100508562 /* Base */,
			);
			name = Main.storyboard;
			sourceTree = "<group>";
		};
		A5F248AA23EF275200508562 /* LaunchScreen.storyboard */ = {
			isa = PBXVariantGroup;
			children = (
				A5F248AB23EF275200508562 /* Base */,
			);
			name = LaunchScreen.storyboard;
			sourceTree = "<group>";
		};
/* End PBXVariantGroup section */

/* Begin XCBuildConfiguration section */
		A5F248C423EF275200508562 /* Debug */ = {
			isa = XCBuildConfiguration;
			buildSettings = {
				ALWAYS_SEARCH_USER_PATHS = NO;
				CLANG_ANALYZER_NONNULL = YES;
				CLANG_ANALYZER_NUMBER_OBJECT_CONVERSION = YES_AGGRESSIVE;
				CLANG_CXX_LANGUAGE_STANDARD = "gnu++14";
				CLANG_CXX_LIBRARY = "libc++";
				CLANG_ENABLE_MODULES = YES;
				CLANG_ENABLE_OBJC_ARC = YES;
				CLANG_ENABLE_OBJC_WEAK = YES;
				CLANG_WARN_BLOCK_CAPTURE_AUTORELEASING = YES;
				CLANG_WARN_BOOL_CONVERSION = YES;
				CLANG_WARN_COMMA = YES;
				CLANG_WARN_CONSTANT_CONVERSION = YES;
				CLANG_WARN_DEPRECATED_OBJC_IMPLEMENTATIONS = YES;
				CLANG_WARN_DIRECT_OBJC_ISA_USAGE = YES_ERROR;
				CLANG_WARN_DOCUMENTATION_COMMENTS = YES;
				CLANG_WARN_EMPTY_BODY = YES;
				CLANG_WARN_ENUM_CONVERSION = YES;
				CLANG_WARN_INFINITE_RECURSION = YES;
				CLANG_WARN_INT_CONVERSION = YES;
				CLANG_WARN_NON_LITERAL_NULL_CONVERSION = YES;
				CLANG_WARN_OBJC_IMPLICIT_RETAIN_SELF = YES;
				CLANG_WARN_OBJC_LITERAL_CONVERSION = YES;
				CLANG_WARN_OBJC_ROOT_CLASS = YES_ERROR;
				CLANG_WARN_RANGE_LOOP_ANALYSIS = YES;
				CLANG_WARN_STRICT_PROTOTYPES = YES;
				CLANG_WARN_SUSPICIOUS_MOVE = YES;
				CLANG_WARN_UNGUARDED_AVAILABILITY = YES_AGGRESSIVE;
				CLANG_WARN_UNREACHABLE_CODE = YES;
				CLANG_WARN__DUPLICATE_METHOD_MATCH = YES;
				CODE_SIGN_IDENTITY = "iPhone Developer";
				COPY_PHASE_STRIP = NO;
				DEBUG_INFORMATION_FORMAT = dwarf;
				ENABLE_STRICT_OBJC_MSGSEND = YES;
				ENABLE_TESTABILITY = YES;
				GCC_C_LANGUAGE_STANDARD = gnu11;
				GCC_DYNAMIC_NO_PIC = NO;
				GCC_NO_COMMON_BLOCKS = YES;
				GCC_OPTIMIZATION_LEVEL = 0;
				GCC_PREPROCESSOR_DEFINITIONS = (
					"DEBUG=1",
					"$(inherited)",
				);
				GCC_WARN_64_TO_32_BIT_CONVERSION = YES;
				GCC_WARN_ABOUT_RETURN_TYPE = YES_ERROR;
				GCC_WARN_UNDECLARED_SELECTOR = YES;
				GCC_WARN_UNINITIALIZED_AUTOS = YES_AGGRESSIVE;
				GCC_WARN_UNUSED_FUNCTION = YES;
				GCC_WARN_UNUSED_VARIABLE = YES;
				IPHONEOS_DEPLOYMENT_TARGET = 12.2;
				MTL_ENABLE_DEBUG_INFO = INCLUDE_SOURCE;
				MTL_FAST_MATH = YES;
				ONLY_ACTIVE_ARCH = YES;
				SDKROOT = iphoneos;
				SWIFT_ACTIVE_COMPILATION_CONDITIONS = DEBUG;
				SWIFT_OPTIMIZATION_LEVEL = "-Onone";
			};
			name = Debug;
		};
		A5F248C523EF275200508562 /* Release */ = {
			isa = XCBuildConfiguration;
			buildSettings = {
				ALWAYS_SEARCH_USER_PATHS = NO;
				CLANG_ANALYZER_NONNULL = YES;
				CLANG_ANALYZER_NUMBER_OBJECT_CONVERSION = YES_AGGRESSIVE;
				CLANG_CXX_LANGUAGE_STANDARD = "gnu++14";
				CLANG_CXX_LIBRARY = "libc++";
				CLANG_ENABLE_MODULES = YES;
				CLANG_ENABLE_OBJC_ARC = YES;
				CLANG_ENABLE_OBJC_WEAK = YES;
				CLANG_WARN_BLOCK_CAPTURE_AUTORELEASING = YES;
				CLANG_WARN_BOOL_CONVERSION = YES;
				CLANG_WARN_COMMA = YES;
				CLANG_WARN_CONSTANT_CONVERSION = YES;
				CLANG_WARN_DEPRECATED_OBJC_IMPLEMENTATIONS = YES;
				CLANG_WARN_DIRECT_OBJC_ISA_USAGE = YES_ERROR;
				CLANG_WARN_DOCUMENTATION_COMMENTS = YES;
				CLANG_WARN_EMPTY_BODY = YES;
				CLANG_WARN_ENUM_CONVERSION = YES;
				CLANG_WARN_INFINITE_RECURSION = YES;
				CLANG_WARN_INT_CONVERSION = YES;
				CLANG_WARN_NON_LITERAL_NULL_CONVERSION = YES;
				CLANG_WARN_OBJC_IMPLICIT_RETAIN_SELF = YES;
				CLANG_WARN_OBJC_LITERAL_CONVERSION = YES;
				CLANG_WARN_OBJC_ROOT_CLASS = YES_ERROR;
				CLANG_WARN_RANGE_LOOP_ANALYSIS = YES;
				CLANG_WARN_STRICT_PROTOTYPES = YES;
				CLANG_WARN_SUSPICIOUS_MOVE = YES;
				CLANG_WARN_UNGUARDED_AVAILABILITY = YES_AGGRESSIVE;
				CLANG_WARN_UNREACHABLE_CODE = YES;
				CLANG_WARN__DUPLICATE_METHOD_MATCH = YES;
				CODE_SIGN_IDENTITY = "iPhone Developer";
				COPY_PHASE_STRIP = NO;
				DEBUG_INFORMATION_FORMAT = "dwarf-with-dsym";
				ENABLE_NS_ASSERTIONS = NO;
				ENABLE_STRICT_OBJC_MSGSEND = YES;
				GCC_C_LANGUAGE_STANDARD = gnu11;
				GCC_NO_COMMON_BLOCKS = YES;
				GCC_WARN_64_TO_32_BIT_CONVERSION = YES;
				GCC_WARN_ABOUT_RETURN_TYPE = YES_ERROR;
				GCC_WARN_UNDECLARED_SELECTOR = YES;
				GCC_WARN_UNINITIALIZED_AUTOS = YES_AGGRESSIVE;
				GCC_WARN_UNUSED_FUNCTION = YES;
				GCC_WARN_UNUSED_VARIABLE = YES;
				IPHONEOS_DEPLOYMENT_TARGET = 12.2;
				MTL_ENABLE_DEBUG_INFO = NO;
				MTL_FAST_MATH = YES;
				SDKROOT = iphoneos;
				SWIFT_COMPILATION_MODE = wholemodule;
				SWIFT_OPTIMIZATION_LEVEL = "-O";
				VALIDATE_PRODUCT = YES;
			};
			name = Release;
		};
		A5F248C723EF275200508562 /* Debug */ = {
			isa = XCBuildConfiguration;
			buildSettings = {
				ASSETCATALOG_COMPILER_APPICON_NAME = AppIcon;
				CODE_SIGN_STYLE = Automatic;
				INFOPLIST_FILE = BrainStack/Info.plist;
				LD_RUNPATH_SEARCH_PATHS = (
					"$(inherited)",
					"@executable_path/Frameworks",
				);
				PRODUCT_BUNDLE_IDENTIFIER = BrainStack.BrainStack;
				PRODUCT_NAME = "$(TARGET_NAME)";
				SWIFT_VERSION = 5.0;
				TARGETED_DEVICE_FAMILY = "1,2";
			};
			name = Debug;
		};
		A5F248C823EF275200508562 /* Release */ = {
			isa = XCBuildConfiguration;
			buildSettings = {
				ASSETCATALOG_COMPILER_APPICON_NAME = AppIcon;
				CODE_SIGN_STYLE = Automatic;
				INFOPLIST_FILE = BrainStack/Info.plist;
				LD_RUNPATH_SEARCH_PATHS = (
					"$(inherited)",
					"@executable_path/Frameworks",
				);
				PRODUCT_BUNDLE_IDENTIFIER = BrainStack.BrainStack;
				PRODUCT_NAME = "$(TARGET_NAME)";
				SWIFT_VERSION = 5.0;
				TARGETED_DEVICE_FAMILY = "1,2";
			};
			name = Release;
		};
		A5F248CA23EF275200508562 /* Debug */ = {
			isa = XCBuildConfiguration;
			buildSettings = {
				ALWAYS_EMBED_SWIFT_STANDARD_LIBRARIES = YES;
				BUNDLE_LOADER = "$(TEST_HOST)";
				CODE_SIGN_STYLE = Automatic;
				INFOPLIST_FILE = BrainStackTests/Info.plist;
				LD_RUNPATH_SEARCH_PATHS = (
					"$(inherited)",
					"@executable_path/Frameworks",
					"@loader_path/Frameworks",
				);
				PRODUCT_BUNDLE_IDENTIFIER = BrainStack.BrainStackTests;
				PRODUCT_NAME = "$(TARGET_NAME)";
				SWIFT_VERSION = 5.0;
				TARGETED_DEVICE_FAMILY = "1,2";
				TEST_HOST = "$(BUILT_PRODUCTS_DIR)/BrainStack.app/BrainStack";
			};
			name = Debug;
		};
		A5F248CB23EF275200508562 /* Release */ = {
			isa = XCBuildConfiguration;
			buildSettings = {
				ALWAYS_EMBED_SWIFT_STANDARD_LIBRARIES = YES;
				BUNDLE_LOADER = "$(TEST_HOST)";
				CODE_SIGN_STYLE = Automatic;
				INFOPLIST_FILE = BrainStackTests/Info.plist;
				LD_RUNPATH_SEARCH_PATHS = (
					"$(inherited)",
					"@executable_path/Frameworks",
					"@loader_path/Frameworks",
				);
				PRODUCT_BUNDLE_IDENTIFIER = BrainStack.BrainStackTests;
				PRODUCT_NAME = "$(TARGET_NAME)";
				SWIFT_VERSION = 5.0;
				TARGETED_DEVICE_FAMILY = "1,2";
				TEST_HOST = "$(BUILT_PRODUCTS_DIR)/BrainStack.app/BrainStack";
			};
			name = Release;
		};
		A5F248CD23EF275200508562 /* Debug */ = {
			isa = XCBuildConfiguration;
			buildSettings = {
				ALWAYS_EMBED_SWIFT_STANDARD_LIBRARIES = YES;
				CODE_SIGN_STYLE = Automatic;
				INFOPLIST_FILE = BrainStackUITests/Info.plist;
				LD_RUNPATH_SEARCH_PATHS = (
					"$(inherited)",
					"@executable_path/Frameworks",
					"@loader_path/Frameworks",
				);
				PRODUCT_BUNDLE_IDENTIFIER = BrainStack.BrainStackUITests;
				PRODUCT_NAME = "$(TARGET_NAME)";
				SWIFT_VERSION = 5.0;
				TARGETED_DEVICE_FAMILY = "1,2";
				TEST_TARGET_NAME = BrainStack;
			};
			name = Debug;
		};
		A5F248CE23EF275200508562 /* Release */ = {
			isa = XCBuildConfiguration;
			buildSettings = {
				ALWAYS_EMBED_SWIFT_STANDARD_LIBRARIES = YES;
				CODE_SIGN_STYLE = Automatic;
				INFOPLIST_FILE = BrainStackUITests/Info.plist;
				LD_RUNPATH_SEARCH_PATHS = (
					"$(inherited)",
					"@executable_path/Frameworks",
					"@loader_path/Frameworks",
				);
				PRODUCT_BUNDLE_IDENTIFIER = BrainStack.BrainStackUITests;
				PRODUCT_NAME = "$(TARGET_NAME)";
				SWIFT_VERSION = 5.0;
				TARGETED_DEVICE_FAMILY = "1,2";
				TEST_TARGET_NAME = BrainStack;
			};
			name = Release;
		};
/* End XCBuildConfiguration section */

/* Begin XCConfigurationList section */
		A5F2489923EF275000508562 /* Build configuration list for PBXProject "BrainStack" */ = {
			isa = XCConfigurationList;
			buildConfigurations = (
				A5F248C423EF275200508562 /* Debug */,
				A5F248C523EF275200508562 /* Release */,
			);
			defaultConfigurationIsVisible = 0;
			defaultConfigurationName = Release;
		};
		A5F248C623EF275200508562 /* Build configuration list for PBXNativeTarget "BrainStack" */ = {
			isa = XCConfigurationList;
			buildConfigurations = (
				A5F248C723EF275200508562 /* Debug */,
				A5F248C823EF275200508562 /* Release */,
			);
			defaultConfigurationIsVisible = 0;
			defaultConfigurationName = Release;
		};
		A5F248C923EF275200508562 /* Build configuration list for PBXNativeTarget "BrainStackTests" */ = {
			isa = XCConfigurationList;
			buildConfigurations = (
				A5F248CA23EF275200508562 /* Debug */,
				A5F248CB23EF275200508562 /* Release */,
			);
			defaultConfigurationIsVisible = 0;
			defaultConfigurationName = Release;
		};
		A5F248CC23EF275200508562 /* Build configuration list for PBXNativeTarget "BrainStackUITests" */ = {
			isa = XCConfigurationList;
			buildConfigurations = (
				A5F248CD23EF275200508562 /* Debug */,
				A5F248CE23EF275200508562 /* Release */,
			);
			defaultConfigurationIsVisible = 0;
			defaultConfigurationName = Release;
		};
/* End XCConfigurationList section */
	};
	rootObject = A5F2489623EF275000508562 /* Project object */;
}
